{
  "version": 4,
  "terraform_version": "1.14.6",
  "serial": 4,
  "lineage": "cdd93ee0-75ef-66cf-837b-f3fe89584c96",
  "outputs": {
    "s3_bucket_arn": {
      "value": "arn:aws:s3:::michael-devops-b6e6e1b2",
      "type": "string"
    },
    "s3_bucket_name": {
      "value": "michael-devops-b6e6e1b2",
      "type": "string"
    }
  },
  "resources": [
    {
      "mode": "managed",
      "type": "aws_s3_bucket",
      "name": "my_bucket",
      "provider": "provider[\"registry.terraform.io/hashicorp/aws\"]",
      "instances": [
        {
          "schema_version": 0,
          "attributes": {
            "acceleration_status": "",
            "acl": null,
            "arn": "arn:aws:s3:::michael-devops-b6e6e1b2",
            "bucket": "michael-devops-b6e6e1b2",
            "bucket_domain_name": "michael-devops-b6e6e1b2.s3.amazonaws.com",
            "bucket_prefix": "",
            "bucket_regional_domain_name": "michael-devops-b6e6e1b2.s3.us-east-1.amazonaws.com",
            "cors_rule": [],
            "force_destroy": false,
            "grant": [
              {
                "id": "ffde9f6fada9e991c43ce6cf95d019732c1bd7c7d1b79c499c8040231606b2e8",
                "permissions": [
                  "FULL_CONTROL"
                ],
                "type": "CanonicalUser",
                "uri": ""
              }
            ],
            "hosted_zone_id": "Z3AQBSTGFYJSTF",
            "id": "michael-devops-b6e6e1b2",
            "lifecycle_rule": [],
            "logging": [],
            "object_lock_configuration": [],
            "object_lock_enabled": false,
            "policy": "",
            "region": "us-east-1",
            "replication_configuration": [],
            "request_payer": "BucketOwner",
            "server_side_encryption_configuration": [
              {
                "rule": [
                  {
                    "apply_server_side_encryption_by_default": [
                      {
                        "kms_master_key_id": "",
                        "sse_algorithm": "AES256"
                      }
                    ],
                    "bucket_key_enabled": false
                  }
                ]
              }
            ],
            "tags": {
              "Environment": "Dev",
              "Name": "MyTerraformBucket"
            },
            "tags_all": {
              "Environment": "Dev",
              "Name": "MyTerraformBucket"
            },
            "timeouts": null,
            "versioning": [
              {
                "enabled": false,
                "mfa_delete": false
              }
            ],
            "website": [],
            "website_domain": null,
            "website_endpoint": null
          },
          "sensitive_attributes": [],
          "identity_schema_version": 0,
          "private": "eyJlMmJmYjczMC1lY2FhLTExZTYtOGY4OC0zNDM2M2JjN2M0YzAiOnsiY3JlYXRlIjoxMjAwMDAwMDAwMDAwLCJkZWxldGUiOjM2MDAwMDAwMDAwMDAsInJlYWQiOjEyMDAwMDAwMDAwMDAsInVwZGF0ZSI6MTIwMDAwMDAwMDAwMH19",
          "dependencies": [
            "random_id.bucket_id"
          ]
        }
      ]
    },
    {
      "mode": "managed",
      "type": "random_id",
      "name": "bucket_id",
      "provider": "provider[\"registry.terraform.io/hashicorp/random\"]",
      "instances": [
        {
          "schema_version": 0,
          "attributes": {
            "b64_std": "tubhsg==",
            "b64_url": "tubhsg",
            "byte_length": 4,
            "dec": "3068584370",
            "hex": "b6e6e1b2",
            "id": "tubhsg",
            "keepers": null,
            "prefix": null
          },
          "sensitive_attributes": [],
          "identity_schema_version": 0
        }
      ]
    }
  ],
  "check_results": null
}
